<?xml version="1.0" encoding="utf-8"?>
<Project ToolsVersion="4.0" xmlns="http://schemas.microsoft.com/developer/msbuild/2003">
  <ItemGroup>
    <Filter Include="Common">
      <UniqueIdentifier>3ddc3abc-ed25-4c05-bceb-15a0ab8e57bd</UniqueIdentifier>
    </Filter>
    <Filter Include="Assets">
      <UniqueIdentifier>bfd201a2-7d9a-4ef4-b731-6d1c7455ec66</UniqueIdentifier>
      <Extensions>ico;cur;bmp;dds;dlg;fbx;rct;bin;rgs;gif;jpg;jpeg;jpe;resx;tga;tiff;tif;png;wav;mfcribbon-ms</Extensions>
    </Filter>
    <Filter Include="Headers">
      <UniqueIdentifier>{6bce7951-f8c6-4305-a921-fc0565684fba}</UniqueIdentifier>
    </Filter>
    <Filter Include="Source">
      <UniqueIdentifier>{454ae719-a31e-4a8b-972b-db8048005420}</UniqueIdentifier>
    </Filter>
    <Filter Include="Shaders">
      <UniqueIdentifier>{63e892fb-167c-4987-8208-e9c70595ae23}</UniqueIdentifier>
    </Filter>
    <Filter Include="Headers\ImGui">
      <UniqueIdentifier>{3e67da99-821f-46f4-88fe-a4d8ccd0f610}</UniqueIdentifier>
    </Filter>
    <Filter Include="Source\ImGui">
      <UniqueIdentifier>{4cfec71e-75dc-4c7d-b58f-153861e0f499}</UniqueIdentifier>
    </Filter>
    <Filter Include="Headers\Renderer">
      <UniqueIdentifier>{47676432-2e3f-4268-990e-10cadffa168d}</UniqueIdentifier>
    </Filter>
    <Filter Include="Source\Renderer">
      <UniqueIdentifier>{1e3a4c06-8e2f-4708-8865-3d79983822fc}</UniqueIdentifier>
    </Filter>
  </ItemGroup>
  <ItemGroup>
    <ClInclude Include="StepTimer.h">
      <Filter>Common</Filter>
    </ClInclude>
    <ClInclude Include="DeviceResources.h">
      <Filter>Common</Filter>
    </ClInclude>
    <ClInclude Include="Game.h">
      <Filter>Headers</Filter>
    </ClInclude>
    <ClInclude Include="pch.h">
      <Filter>Headers</Filter>
    </ClInclude>
    <ClInclude Include="Camera.h">
      <Filter>Headers\Renderer</Filter>
    </ClInclude>
    <ClInclude Include="Graphics.h">
      <Filter>Headers\Renderer</Filter>
    </ClInclude>
    <ClInclude Include="Quad.h">
      <Filter>Headers\Renderer</Filter>
    </ClInclude>
    <ClInclude Include="RenderedObject.h">
      <Filter>Headers\Renderer</Filter>
    </ClInclude>
    <ClInclude Include="Shaders.h">
      <Filter>Headers\Renderer</Filter>
    </ClInclude>
    <ClInclude Include="Texture.h">
      <Filter>Headers\Renderer</Filter>
    </ClInclude>
    <ClInclude Include="TexturedQuad.h">
      <Filter>Headers\Renderer</Filter>
    </ClInclude>
    <ClInclude Include="ImGui\imconfig.h">
      <Filter>Headers\ImGui</Filter>
    </ClInclude>
    <ClInclude Include="ImGui\imgui.h">
      <Filter>Headers\ImGui</Filter>
    </ClInclude>
    <ClInclude Include="ImGui\imgui_impl_dx11.h">
      <Filter>Headers\ImGui</Filter>
    </ClInclude>
    <ClInclude Include="ImGui\imgui_impl_win32.h">
      <Filter>Headers\ImGui</Filter>
    </ClInclude>
    <ClInclude Include="ImGui\imgui_internal.h">
      <Filter>Headers\ImGui</Filter>
    </ClInclude>
    <ClInclude Include="ImGui\imstb_rectpack.h">
      <Filter>Headers\ImGui</Filter>
    </ClInclude>
    <ClInclude Include="ImGui\imstb_textedit.h">
      <Filter>Headers\ImGui</Filter>
    </ClInclude>
    <ClInclude Include="ImGui\imstb_truetype.h">
      <Filter>Headers\ImGui</Filter>
    </ClInclude>
    <ClInclude Include="GameObject.h">
      <Filter>Headers</Filter>
    </ClInclude>
    <ClInclude Include="UserInterface.h">
      <Filter>Headers</Filter>
    </ClInclude>
    <ClInclude Include="LevelFile.h">
      <Filter>Headers</Filter>
    </ClInclude>
    <ClInclude Include="ParticleModel.h">
      <Filter>Headers</Filter>
    </ClInclude>
    <ClInclude Include="Transform.h">
      <Filter>Headers</Filter>
    </ClInclude>
    <ClInclude Include="Structs.h">
      <Filter>Headers</Filter>
    </ClInclude>
    <ClInclude Include="GameObject.h" />
    <ClInclude Include="Transform.h" />
    <ClInclude Include="ParticleModel.h" />
    <ClInclude Include="CollisionComponent.h">
      <Filter>Headers</Filter>
    </ClInclude>
    <ClInclude Include="CollisionManager.h">
      <Filter>Headers</Filter>
    </ClInclude>
    <ClInclude Include="Collisions.h">
      <Filter>Headers</Filter>
    </ClInclude>
    <ClInclude Include="Sound.h">
      <Filter>Headers</Filter>
    </ClInclude>
  </ItemGroup>
  <ItemGroup>
    <ClCompile Include="DeviceResources.cpp">
      <Filter>Common</Filter>
    </ClCompile>
    <ClCompile Include="Game.cpp">
      <Filter>Source</Filter>
    </ClCompile>
    <ClCompile Include="Main.cpp">
      <Filter>Source</Filter>
    </ClCompile>
    <ClCompile Include="pch.cpp">
      <Filter>Source</Filter>
    </ClCompile>
    <ClCompile Include="Camera.cpp">
      <Filter>Source\Renderer</Filter>
    </ClCompile>
    <ClCompile Include="Graphics.cpp">
      <Filter>Source\Renderer</Filter>
    </ClCompile>
    <ClCompile Include="Quad.cpp">
      <Filter>Source\Renderer</Filter>
    </ClCompile>
    <ClCompile Include="RenderedObject.cpp">
      <Filter>Source\Renderer</Filter>
    </ClCompile>
    <ClCompile Include="Shaders.cpp">
      <Filter>Source\Renderer</Filter>
    </ClCompile>
    <ClCompile Include="Texture.cpp">
      <Filter>Source\Renderer</Filter>
    </ClCompile>
    <ClCompile Include="TexturedQuad.cpp">
      <Filter>Source\Renderer</Filter>
    </ClCompile>
    <ClCompile Include="ImGui\imgui.cpp">
      <Filter>Source\ImGui</Filter>
    </ClCompile>
    <ClCompile Include="ImGui\imgui_draw.cpp">
      <Filter>Source\ImGui</Filter>
    </ClCompile>
    <ClCompile Include="ImGui\imgui_impl_dx11.cpp">
      <Filter>Source\ImGui</Filter>
    </ClCompile>
    <ClCompile Include="ImGui\imgui_impl_win32.cpp">
      <Filter>Source\ImGui</Filter>
    </ClCompile>
    <ClCompile Include="ImGui\imgui_widgets.cpp">
      <Filter>Source\ImGui</Filter>
    </ClCompile>
    <ClCompile Include="UserInterface.cpp">
      <Filter>Source</Filter>
    </ClCompile>
    <ClCompile Include="GameObject.cpp">
      <Filter>Source</Filter>
    </ClCompile>
    <ClCompile Include="LevelFile.cpp">
      <Filter>Source</Filter>
    </ClCompile>
    <ClCompile Include="ParticleModel.cpp">
      <Filter>Source</Filter>
    </ClCompile>
    <ClCompile Include="Transform.cpp">
      <Filter>Source</Filter>
    </ClCompile>
    <ClCompile Include="GameObject.cpp" />
    <ClCompile Include="Transform.cpp" />
    <ClCompile Include="ParticleModel.cpp" />
    <ClCompile Include="Sound.cpp">
      <Filter>Source</Filter>
    </ClCompile>
    <ClCompile Include="Collisions.cpp">
      <Filter>Source</Filter>
    </ClCompile>
    <ClCompile Include="CollisionManager.cpp">
      <Filter>Source</Filter>
    </ClCompile>
  </ItemGroup>
  <ItemGroup>
    <ResourceCompile Include="resource.rc" />
  </ItemGroup>
  <ItemGroup>
    <Image Include="directx.ico">
      <Filter>Assets</Filter>
    </Image>
  </ItemGroup>
  <ItemGroup>
    <Manifest Include="settings.manifest">
      <Filter>Assets</Filter>
    </Manifest>
  </ItemGroup>
  <ItemGroup>
    <FxCompile Include="DefaultVertexShader.hlsl">
      <Filter>Shaders</Filter>
    </FxCompile>
    <FxCompile Include="DefaultPixelShader.hlsl">
      <Filter>Shaders</Filter>
    </FxCompile>
    <None Include="packages.config" />
  </ItemGroup>
</Project>